
Microsoft Visual Studio Solution File, Format Version 12.00
# Visual Studio Version 17
VisualStudioVersion = 17.0.31903.59
MinimumVisualStudioVersion = 10.0.40219.1
Project("{FAE04EC0-301F-11D3-BF4B-00C04F79EFBC}") = "NegocioPDF", "NegocioPDF\NegocioPDF.csproj", "{31D3A1DB-4552-4851-B84B-5DED5A6A2D6F}"
EndProject
Project("{FAE04EC0-301F-11D3-BF4B-00C04F79EFBC}") = "NegocioPDF.Tests", "NegocioPDF.Tests\NegocioPDF.Tests.csproj", "{A1AB4218-21EA-4CC5-9241-15A6B35194C4}"
EndProject
Project("{FAE04EC0-301F-11D3-BF4B-00C04F79EFBC}") = "PROYECTOPDF", "PROYECTOPDF\PROYECTOPDF.csproj", "{443C3908-2A34-4B5C-AD2F-2EE7F042992A}"
EndProject
Global
	GlobalSection(SolutionConfigurationPlatforms) = preSolution
		Debug|Any CPU = Debug|Any CPU
		Release|Any CPU = Release|Any CPU
	EndGlobalSection
	GlobalSection(SolutionProperties) = preSolution
		HideSolutionNode = FALSE
	EndGlobalSection
	GlobalSection(ProjectConfigurationPlatforms) = postSolution
		{31D3A1DB-4552-4851-B84B-5DED5A6A2D6F}.Debug|Any CPU.ActiveCfg = Debug|Any CPU
		{31D3A1DB-4552-4851-B84B-5DED5A6A2D6F}.Debug|Any CPU.Build.0 = Debug|Any CPU
		{31D3A1DB-4552-4851-B84B-5DED5A6A2D6F}.Release|Any CPU.ActiveCfg = Release|Any CPU
		{31D3A1DB-4552-4851-B84B-5DED5A6A2D6F}.Release|Any CPU.Build.0 = Release|Any CPU
		{A1AB4218-21EA-4CC5-9241-15A6B35194C4}.Debug|Any CPU.ActiveCfg = Debug|Any CPU
		{A1AB4218-21EA-4CC5-9241-15A6B35194C4}.Debug|Any CPU.Build.0 = Debug|Any CPU
		{A1AB4218-21EA-4CC5-9241-15A6B35194C4}.Release|Any CPU.ActiveCfg = Release|Any CPU
		{A1AB4218-21EA-4CC5-9241-15A6B35194C4}.Release|Any CPU.Build.0 = Release|Any CPU
		{443C3908-2A34-4B5C-AD2F-2EE7F042992A}.Debug|Any CPU.ActiveCfg = Debug|Any CPU
		{443C3908-2A34-4B5C-AD2F-2EE7F042992A}.Debug|Any CPU.Build.0 = Debug|Any CPU
		{443C3908-2A34-4B5C-AD2F-2EE7F042992A}.Release|Any CPU.ActiveCfg = Release|Any CPU
		{443C3908-2A34-4B5C-AD2F-2EE7F042992A}.Release|Any CPU.Build.0 = Release|Any CPU
	EndGlobalSection
EndGlobal
